
Microsoft Visual Studio Solution File, Format Version 12.00
# Visual Studio 15
VisualStudioVersion = 15.0.28010.2046
MinimumVisualStudioVersion = 10.0.40219.1
Project("{FAE04EC0-301F-11D3-BF4B-00C04F79EFBC}") = "FunctionTask2", "FunctionTask2\FunctionTask2.csproj", "{0128D332-795A-43B3-9E4D-358AF48419D7}"
EndProject
Global
	GlobalSection(SolutionConfigurationPlatforms) = preSolution
		Debug|Any CPU = Debug|Any CPU
		Release|Any CPU = Release|Any CPU
	EndGlobalSection
	GlobalSection(ProjectConfigurationPlatforms) = postSolution
		{0128D332-795A-43B3-9E4D-358AF48419D7}.Debug|Any CPU.ActiveCfg = Debug|Any CPU
		{0128D332-795A-43B3-9E4D-358AF48419D7}.Debug|Any CPU.Build.0 = Debug|Any CPU
		{0128D332-795A-43B3-9E4D-358AF48419D7}.Release|Any CPU.ActiveCfg = Release|Any CPU
		{0128D332-795A-43B3-9E4D-358AF48419D7}.Release|Any CPU.Build.0 = Release|Any CPU
	EndGlobalSection
	GlobalSection(SolutionProperties) = preSolution
		HideSolutionNode = FALSE
	EndGlobalSection
	GlobalSection(ExtensibilityGlobals) = postSolution
		SolutionGuid = {A34FD451-8161-4883-B557-464BBCB79707}
	EndGlobalSection
EndGlobal
