
Microsoft Visual Studio Solution File, Format Version 12.00
# Visual Studio 15
VisualStudioVersion = 15.0.28010.2048
MinimumVisualStudioVersion = 10.0.40219.1
Project("{FAE04EC0-301F-11D3-BF4B-00C04F79EFBC}") = "ArrayTask3-1", "ArrayTask3-1\ArrayTask3-1.csproj", "{343E6133-F349-4CF8-A3B6-172888C40331}"
EndProject
Global
	GlobalSection(SolutionConfigurationPlatforms) = preSolution
		Debug|Any CPU = Debug|Any CPU
		Release|Any CPU = Release|Any CPU
	EndGlobalSection
	GlobalSection(ProjectConfigurationPlatforms) = postSolution
		{343E6133-F349-4CF8-A3B6-172888C40331}.Debug|Any CPU.ActiveCfg = Debug|Any CPU
		{343E6133-F349-4CF8-A3B6-172888C40331}.Debug|Any CPU.Build.0 = Debug|Any CPU
		{343E6133-F349-4CF8-A3B6-172888C40331}.Release|Any CPU.ActiveCfg = Release|Any CPU
		{343E6133-F349-4CF8-A3B6-172888C40331}.Release|Any CPU.Build.0 = Release|Any CPU
	EndGlobalSection
	GlobalSection(SolutionProperties) = preSolution
		HideSolutionNode = FALSE
	EndGlobalSection
	GlobalSection(ExtensibilityGlobals) = postSolution
		SolutionGuid = {3F5164C0-BAEB-4600-89ED-0C181D621B97}
	EndGlobalSection
EndGlobal
