
Microsoft Visual Studio Solution File, Format Version 12.00
# Visual Studio 15
VisualStudioVersion = 15.0.28010.2041
MinimumVisualStudioVersion = 10.0.40219.1
Project("{FAE04EC0-301F-11D3-BF4B-00C04F79EFBC}") = "LoopTask2-2", "LoopTask2-2\LoopTask2-2.csproj", "{686AE090-4DE8-4A07-9B55-B9E8E69B6083}"
EndProject
Global
	GlobalSection(SolutionConfigurationPlatforms) = preSolution
		Debug|Any CPU = Debug|Any CPU
		Release|Any CPU = Release|Any CPU
	EndGlobalSection
	GlobalSection(ProjectConfigurationPlatforms) = postSolution
		{686AE090-4DE8-4A07-9B55-B9E8E69B6083}.Debug|Any CPU.ActiveCfg = Debug|Any CPU
		{686AE090-4DE8-4A07-9B55-B9E8E69B6083}.Debug|Any CPU.Build.0 = Debug|Any CPU
		{686AE090-4DE8-4A07-9B55-B9E8E69B6083}.Release|Any CPU.ActiveCfg = Release|Any CPU
		{686AE090-4DE8-4A07-9B55-B9E8E69B6083}.Release|Any CPU.Build.0 = Release|Any CPU
	EndGlobalSection
	GlobalSection(SolutionProperties) = preSolution
		HideSolutionNode = FALSE
	EndGlobalSection
	GlobalSection(ExtensibilityGlobals) = postSolution
		SolutionGuid = {4EACA42B-4BBF-4E1F-8CEE-C99801E091C4}
	EndGlobalSection
EndGlobal
