
Microsoft Visual Studio Solution File, Format Version 12.00
# Visual Studio 15
VisualStudioVersion = 15.0.28307.136
MinimumVisualStudioVersion = 10.0.40219.1
Project("{FAE04EC0-301F-11D3-BF4B-00C04F79EFBC}") = "ArrayRecap1", "ArrayRecap1\ArrayRecap1.csproj", "{D6508179-3A35-48DB-B7A3-4D85240DC7A0}"
EndProject
Global
	GlobalSection(SolutionConfigurationPlatforms) = preSolution
		Debug|Any CPU = Debug|Any CPU
		Release|Any CPU = Release|Any CPU
	EndGlobalSection
	GlobalSection(ProjectConfigurationPlatforms) = postSolution
		{D6508179-3A35-48DB-B7A3-4D85240DC7A0}.Debug|Any CPU.ActiveCfg = Debug|Any CPU
		{D6508179-3A35-48DB-B7A3-4D85240DC7A0}.Debug|Any CPU.Build.0 = Debug|Any CPU
		{D6508179-3A35-48DB-B7A3-4D85240DC7A0}.Release|Any CPU.ActiveCfg = Release|Any CPU
		{D6508179-3A35-48DB-B7A3-4D85240DC7A0}.Release|Any CPU.Build.0 = Release|Any CPU
	EndGlobalSection
	GlobalSection(SolutionProperties) = preSolution
		HideSolutionNode = FALSE
	EndGlobalSection
	GlobalSection(ExtensibilityGlobals) = postSolution
		SolutionGuid = {438E9754-8524-4162-8E7E-3C5826C82BC6}
	EndGlobalSection
EndGlobal
