
Microsoft Visual Studio Solution File, Format Version 12.00
# Visual Studio 15
VisualStudioVersion = 15.0.28010.2046
MinimumVisualStudioVersion = 10.0.40219.1
Project("{FAE04EC0-301F-11D3-BF4B-00C04F79EFBC}") = "FunctionTask2Class", "FunctionTask2Class\FunctionTask2Class.csproj", "{8685AB5E-A6C9-4540-9B4E-BA77A1402F71}"
EndProject
Global
	GlobalSection(SolutionConfigurationPlatforms) = preSolution
		Debug|Any CPU = Debug|Any CPU
		Release|Any CPU = Release|Any CPU
	EndGlobalSection
	GlobalSection(ProjectConfigurationPlatforms) = postSolution
		{8685AB5E-A6C9-4540-9B4E-BA77A1402F71}.Debug|Any CPU.ActiveCfg = Debug|Any CPU
		{8685AB5E-A6C9-4540-9B4E-BA77A1402F71}.Debug|Any CPU.Build.0 = Debug|Any CPU
		{8685AB5E-A6C9-4540-9B4E-BA77A1402F71}.Release|Any CPU.ActiveCfg = Release|Any CPU
		{8685AB5E-A6C9-4540-9B4E-BA77A1402F71}.Release|Any CPU.Build.0 = Release|Any CPU
	EndGlobalSection
	GlobalSection(SolutionProperties) = preSolution
		HideSolutionNode = FALSE
	EndGlobalSection
	GlobalSection(ExtensibilityGlobals) = postSolution
		SolutionGuid = {7C548306-CE91-448F-8D97-86591C753F30}
	EndGlobalSection
EndGlobal
