
Microsoft Visual Studio Solution File, Format Version 12.00
# Visual Studio 15
VisualStudioVersion = 15.0.28307.136
MinimumVisualStudioVersion = 10.0.40219.1
Project("{FAE04EC0-301F-11D3-BF4B-00C04F79EFBC}") = "CapitalizeWords", "CapitalizeWords\CapitalizeWords.csproj", "{8F26E98F-D48F-4786-A6C8-5B07F68F1C1D}"
EndProject
Global
	GlobalSection(SolutionConfigurationPlatforms) = preSolution
		Debug|Any CPU = Debug|Any CPU
		Release|Any CPU = Release|Any CPU
	EndGlobalSection
	GlobalSection(ProjectConfigurationPlatforms) = postSolution
		{8F26E98F-D48F-4786-A6C8-5B07F68F1C1D}.Debug|Any CPU.ActiveCfg = Debug|Any CPU
		{8F26E98F-D48F-4786-A6C8-5B07F68F1C1D}.Debug|Any CPU.Build.0 = Debug|Any CPU
		{8F26E98F-D48F-4786-A6C8-5B07F68F1C1D}.Release|Any CPU.ActiveCfg = Release|Any CPU
		{8F26E98F-D48F-4786-A6C8-5B07F68F1C1D}.Release|Any CPU.Build.0 = Release|Any CPU
	EndGlobalSection
	GlobalSection(SolutionProperties) = preSolution
		HideSolutionNode = FALSE
	EndGlobalSection
	GlobalSection(ExtensibilityGlobals) = postSolution
		SolutionGuid = {C0949727-5D69-4186-A6FB-132C63257BC6}
	EndGlobalSection
EndGlobal
