
Microsoft Visual Studio Solution File, Format Version 12.00
# Visual Studio 15
VisualStudioVersion = 15.0.28010.2036
MinimumVisualStudioVersion = 10.0.40219.1
Project("{FAE04EC0-301F-11D3-BF4B-00C04F79EFBC}") = "LoopTask1", "LoopTask1\LoopTask1.csproj", "{4C0E8DD9-F921-4878-AA7D-BB430636D103}"
EndProject
Global
	GlobalSection(SolutionConfigurationPlatforms) = preSolution
		Debug|Any CPU = Debug|Any CPU
		Release|Any CPU = Release|Any CPU
	EndGlobalSection
	GlobalSection(ProjectConfigurationPlatforms) = postSolution
		{4C0E8DD9-F921-4878-AA7D-BB430636D103}.Debug|Any CPU.ActiveCfg = Debug|Any CPU
		{4C0E8DD9-F921-4878-AA7D-BB430636D103}.Debug|Any CPU.Build.0 = Debug|Any CPU
		{4C0E8DD9-F921-4878-AA7D-BB430636D103}.Release|Any CPU.ActiveCfg = Release|Any CPU
		{4C0E8DD9-F921-4878-AA7D-BB430636D103}.Release|Any CPU.Build.0 = Release|Any CPU
	EndGlobalSection
	GlobalSection(SolutionProperties) = preSolution
		HideSolutionNode = FALSE
	EndGlobalSection
	GlobalSection(ExtensibilityGlobals) = postSolution
		SolutionGuid = {E165F890-00D2-4F7A-B851-EB7AFBA9F94C}
	EndGlobalSection
EndGlobal
